
Microsoft Visual Studio Solution File, Format Version 12.00
# Visual Studio Version 17
VisualStudioVersion = 17.0.32002.185
MinimumVisualStudioVersion = 10.0.40219.1
Project("{9A19103F-16F7-4668-BE54-9A1E7A4F7556}") = "BlazorFormManager", "src\BlazorFormManager\BlazorFormManager.csproj", "{2A886FC1-12F7-430F-9704-7070449685CB}"
EndProject
Project("{9A19103F-16F7-4668-BE54-9A1E7A4F7556}") = "BlazorFormManager.Demo.Client", "src\Demos\BlazorFormManager.Demo.Client\BlazorFormManager.Demo.Client.csproj", "{B71FABC0-0B8E-444A-9945-2BD1ECFE314A}"
EndProject
Project("{9A19103F-16F7-4668-BE54-9A1E7A4F7556}") = "BlazorFormManager.Demo.Server", "src\Demos\BlazorFormManager.Demo.Server\BlazorFormManager.Demo.Server.csproj", "{E7A5EFB9-4FEB-4B8B-8D67-1C5C6F6F5F14}"
EndProject
Project("{2150E333-8FDC-42A3-9474-1A3956D46DE8}") = "src", "src", "{64AE6756-615C-4BF0-A3CE-D1D531062976}"
EndProject
Project("{2150E333-8FDC-42A3-9474-1A3956D46DE8}") = "demos", "demos", "{7433B34B-C420-4775-85AB-694449DCA808}"
EndProject
Project("{2150E333-8FDC-42A3-9474-1A3956D46DE8}") = "BlazorFormManager.Demo.Client", "BlazorFormManager.Demo.Client", "{BD575FC9-01DE-4914-B149-5A4D2D3D68F7}"
EndProject
Project("{2150E333-8FDC-42A3-9474-1A3956D46DE8}") = "BlazorFormManager.Demo.Server", "BlazorFormManager.Demo.Server", "{5EE255AC-31A4-4505-B9D2-431A22A65862}"
EndProject
Project("{2150E333-8FDC-42A3-9474-1A3956D46DE8}") = "Solution Items", "Solution Items", "{3225B42F-112E-48FA-B134-DDE405C603ED}"
	ProjectSection(SolutionItems) = preProject
		LICENSE.txt = LICENSE.txt
		README.md = README.md
		WALK-THROUGH.md = WALK-THROUGH.md
	EndProjectSection
EndProject
Project("{9A19103F-16F7-4668-BE54-9A1E7A4F7556}") = "Carfamsoft.Model2View.Shared", "src\Carfamsoft.Model2View\src\Carfamsoft.Model2View.Shared\Carfamsoft.Model2View.Shared.csproj", "{BE440A85-F788-4C6C-B36F-647C604A2480}"
EndProject
Project("{9A19103F-16F7-4668-BE54-9A1E7A4F7556}") = "Carfamsoft.Model2View.Annotations", "src\Carfamsoft.Model2View\src\Carfamsoft.Model2View.Annotations\Carfamsoft.Model2View.Annotations.csproj", "{75CBE9EB-D308-4AEC-9F88-BA48F85B99F3}"
EndProject
Project("{9A19103F-16F7-4668-BE54-9A1E7A4F7556}") = "Carfamsoft.Model2View.Mvc", "src\Carfamsoft.Model2View\src\Carfamsoft.Model2View.Mvc\Carfamsoft.Model2View.Mvc.csproj", "{A59FCCE6-FC51-4C53-80DE-4AAB6DEAC04B}"
EndProject
Project("{9A19103F-16F7-4668-BE54-9A1E7A4F7556}") = "Carfamsoft.Model2View", "src\Carfamsoft.Model2View\src\Carfamsoft.Model2View\Carfamsoft.Model2View.csproj", "{F50CC956-9B58-494C-B8C9-AF68E192C853}"
EndProject
Project("{2150E333-8FDC-42A3-9474-1A3956D46DE8}") = "Carfamsoft.Model2View.Samples.Web.AutoInputViewsDemo", "Carfamsoft.Model2View.Samples.Web.AutoInputViewsDemo", "{40E97703-04D7-4FF7-A559-65E2CBB4FE8D}"
EndProject
Project("{FAE04EC0-301F-11D3-BF4B-00C04F79EFBC}") = "AutoInputViewsDemo", "src\Carfamsoft.Model2View\src\Samples\Web\AutoInputViewsDemo\AutoInputViewsDemo.csproj", "{C870A392-FBCB-4A4D-9C73-02A4491DEFDD}"
EndProject
Project("{2150E333-8FDC-42A3-9474-1A3956D46DE8}") = "tests", "tests", "{B8AD6DD2-7025-44D8-AE24-FC0DEED459BA}"
EndProject
Project("{9A19103F-16F7-4668-BE54-9A1E7A4F7556}") = "Carfamsoft.Model2View.Testing", "src\Carfamsoft.Model2View\src\Testing\src\Carfamsoft.Model2View.Testing\Carfamsoft.Model2View.Testing.csproj", "{52AF29FB-7DE9-47EB-ACFF-F3587CAB001A}"
EndProject
Project("{9A19103F-16F7-4668-BE54-9A1E7A4F7556}") = "Carfamsoft.Model2View.Testing.Tests", "src\Carfamsoft.Model2View\src\Testing\test\Carfamsoft.Model2View.Testing.Tests\Carfamsoft.Model2View.Testing.Tests.csproj", "{BEEDD79C-E235-4EE2-8048-2122F8E6BCD0}"
EndProject
Project("{9A19103F-16F7-4668-BE54-9A1E7A4F7556}") = "Carfamsoft.JSInterop", "src\Carfamsoft.JSInterop\Carfamsoft.JSInterop.csproj", "{93C00ADF-86D2-4738-9B30-896D2528FAB9}"
EndProject
Project("{9A19103F-16F7-4668-BE54-9A1E7A4F7556}") = "Carfamsoft.Model2View.Annotations.Core", "src\Carfamsoft.Model2View\src\Carfamsoft.Model2View.Annotations.Core\Carfamsoft.Model2View.Annotations.Core.csproj", "{C7D6B540-6503-440D-AFB0-46A83EDE3DA6}"
EndProject
Project("{9A19103F-16F7-4668-BE54-9A1E7A4F7556}") = "BlazorFormManager.Extensions", "src\BlazorFormManager.Extensions\BlazorFormManager.Extensions.csproj", "{1D59D75D-C46A-462A-B6C8-05C3E542C7A0}"
EndProject
Global
	GlobalSection(SolutionConfigurationPlatforms) = preSolution
		Debug|Any CPU = Debug|Any CPU
		Release|Any CPU = Release|Any CPU
	EndGlobalSection
	GlobalSection(ProjectConfigurationPlatforms) = postSolution
		{2A886FC1-12F7-430F-9704-7070449685CB}.Debug|Any CPU.ActiveCfg = Debug|Any CPU
		{2A886FC1-12F7-430F-9704-7070449685CB}.Debug|Any CPU.Build.0 = Debug|Any CPU
		{2A886FC1-12F7-430F-9704-7070449685CB}.Release|Any CPU.ActiveCfg = Release|Any CPU
		{2A886FC1-12F7-430F-9704-7070449685CB}.Release|Any CPU.Build.0 = Release|Any CPU
		{B71FABC0-0B8E-444A-9945-2BD1ECFE314A}.Debug|Any CPU.ActiveCfg = Debug|Any CPU
		{B71FABC0-0B8E-444A-9945-2BD1ECFE314A}.Debug|Any CPU.Build.0 = Debug|Any CPU
		{B71FABC0-0B8E-444A-9945-2BD1ECFE314A}.Release|Any CPU.ActiveCfg = Release|Any CPU
		{B71FABC0-0B8E-444A-9945-2BD1ECFE314A}.Release|Any CPU.Build.0 = Release|Any CPU
		{E7A5EFB9-4FEB-4B8B-8D67-1C5C6F6F5F14}.Debug|Any CPU.ActiveCfg = Debug|Any CPU
		{E7A5EFB9-4FEB-4B8B-8D67-1C5C6F6F5F14}.Debug|Any CPU.Build.0 = Debug|Any CPU
		{E7A5EFB9-4FEB-4B8B-8D67-1C5C6F6F5F14}.Release|Any CPU.ActiveCfg = Release|Any CPU
		{E7A5EFB9-4FEB-4B8B-8D67-1C5C6F6F5F14}.Release|Any CPU.Build.0 = Release|Any CPU
		{BE440A85-F788-4C6C-B36F-647C604A2480}.Debug|Any CPU.ActiveCfg = Debug|Any CPU
		{BE440A85-F788-4C6C-B36F-647C604A2480}.Debug|Any CPU.Build.0 = Debug|Any CPU
		{BE440A85-F788-4C6C-B36F-647C604A2480}.Release|Any CPU.ActiveCfg = Release|Any CPU
		{BE440A85-F788-4C6C-B36F-647C604A2480}.Release|Any CPU.Build.0 = Release|Any CPU
		{75CBE9EB-D308-4AEC-9F88-BA48F85B99F3}.Debug|Any CPU.ActiveCfg = Debug|Any CPU
		{75CBE9EB-D308-4AEC-9F88-BA48F85B99F3}.Debug|Any CPU.Build.0 = Debug|Any CPU
		{75CBE9EB-D308-4AEC-9F88-BA48F85B99F3}.Release|Any CPU.ActiveCfg = Release|Any CPU
		{75CBE9EB-D308-4AEC-9F88-BA48F85B99F3}.Release|Any CPU.Build.0 = Release|Any CPU
		{A59FCCE6-FC51-4C53-80DE-4AAB6DEAC04B}.Debug|Any CPU.ActiveCfg = Debug|Any CPU
		{A59FCCE6-FC51-4C53-80DE-4AAB6DEAC04B}.Debug|Any CPU.Build.0 = Debug|Any CPU
		{A59FCCE6-FC51-4C53-80DE-4AAB6DEAC04B}.Release|Any CPU.ActiveCfg = Release|Any CPU
		{A59FCCE6-FC51-4C53-80DE-4AAB6DEAC04B}.Release|Any CPU.Build.0 = Release|Any CPU
		{F50CC956-9B58-494C-B8C9-AF68E192C853}.Debug|Any CPU.ActiveCfg = Debug|Any CPU
		{F50CC956-9B58-494C-B8C9-AF68E192C853}.Debug|Any CPU.Build.0 = Debug|Any CPU
		{F50CC956-9B58-494C-B8C9-AF68E192C853}.Release|Any CPU.ActiveCfg = Release|Any CPU
		{F50CC956-9B58-494C-B8C9-AF68E192C853}.Release|Any CPU.Build.0 = Release|Any CPU
		{C870A392-FBCB-4A4D-9C73-02A4491DEFDD}.Debug|Any CPU.ActiveCfg = Debug|Any CPU
		{C870A392-FBCB-4A4D-9C73-02A4491DEFDD}.Debug|Any CPU.Build.0 = Debug|Any CPU
		{C870A392-FBCB-4A4D-9C73-02A4491DEFDD}.Release|Any CPU.ActiveCfg = Release|Any CPU
		{C870A392-FBCB-4A4D-9C73-02A4491DEFDD}.Release|Any CPU.Build.0 = Release|Any CPU
		{52AF29FB-7DE9-47EB-ACFF-F3587CAB001A}.Debug|Any CPU.ActiveCfg = Debug|Any CPU
		{52AF29FB-7DE9-47EB-ACFF-F3587CAB001A}.Debug|Any CPU.Build.0 = Debug|Any CPU
		{52AF29FB-7DE9-47EB-ACFF-F3587CAB001A}.Release|Any CPU.ActiveCfg = Release|Any CPU
		{52AF29FB-7DE9-47EB-ACFF-F3587CAB001A}.Release|Any CPU.Build.0 = Release|Any CPU
		{BEEDD79C-E235-4EE2-8048-2122F8E6BCD0}.Debug|Any CPU.ActiveCfg = Debug|Any CPU
		{BEEDD79C-E235-4EE2-8048-2122F8E6BCD0}.Debug|Any CPU.Build.0 = Debug|Any CPU
		{BEEDD79C-E235-4EE2-8048-2122F8E6BCD0}.Release|Any CPU.ActiveCfg = Release|Any CPU
		{BEEDD79C-E235-4EE2-8048-2122F8E6BCD0}.Release|Any CPU.Build.0 = Release|Any CPU
		{93C00ADF-86D2-4738-9B30-896D2528FAB9}.Debug|Any CPU.ActiveCfg = Debug|Any CPU
		{93C00ADF-86D2-4738-9B30-896D2528FAB9}.Debug|Any CPU.Build.0 = Debug|Any CPU
		{93C00ADF-86D2-4738-9B30-896D2528FAB9}.Release|Any CPU.ActiveCfg = Release|Any CPU
		{93C00ADF-86D2-4738-9B30-896D2528FAB9}.Release|Any CPU.Build.0 = Release|Any CPU
		{C7D6B540-6503-440D-AFB0-46A83EDE3DA6}.Debug|Any CPU.ActiveCfg = Debug|Any CPU
		{C7D6B540-6503-440D-AFB0-46A83EDE3DA6}.Debug|Any CPU.Build.0 = Debug|Any CPU
		{C7D6B540-6503-440D-AFB0-46A83EDE3DA6}.Release|Any CPU.ActiveCfg = Release|Any CPU
		{C7D6B540-6503-440D-AFB0-46A83EDE3DA6}.Release|Any CPU.Build.0 = Release|Any CPU
		{1D59D75D-C46A-462A-B6C8-05C3E542C7A0}.Debug|Any CPU.ActiveCfg = Debug|Any CPU
		{1D59D75D-C46A-462A-B6C8-05C3E542C7A0}.Debug|Any CPU.Build.0 = Debug|Any CPU
		{1D59D75D-C46A-462A-B6C8-05C3E542C7A0}.Release|Any CPU.ActiveCfg = Release|Any CPU
		{1D59D75D-C46A-462A-B6C8-05C3E542C7A0}.Release|Any CPU.Build.0 = Release|Any CPU
	EndGlobalSection
	GlobalSection(SolutionProperties) = preSolution
		HideSolutionNode = FALSE
	EndGlobalSection
	GlobalSection(NestedProjects) = preSolution
		{2A886FC1-12F7-430F-9704-7070449685CB} = {64AE6756-615C-4BF0-A3CE-D1D531062976}
		{B71FABC0-0B8E-444A-9945-2BD1ECFE314A} = {BD575FC9-01DE-4914-B149-5A4D2D3D68F7}
		{E7A5EFB9-4FEB-4B8B-8D67-1C5C6F6F5F14} = {5EE255AC-31A4-4505-B9D2-431A22A65862}
		{7433B34B-C420-4775-85AB-694449DCA808} = {64AE6756-615C-4BF0-A3CE-D1D531062976}
		{BD575FC9-01DE-4914-B149-5A4D2D3D68F7} = {7433B34B-C420-4775-85AB-694449DCA808}
		{5EE255AC-31A4-4505-B9D2-431A22A65862} = {7433B34B-C420-4775-85AB-694449DCA808}
		{BE440A85-F788-4C6C-B36F-647C604A2480} = {64AE6756-615C-4BF0-A3CE-D1D531062976}
		{75CBE9EB-D308-4AEC-9F88-BA48F85B99F3} = {64AE6756-615C-4BF0-A3CE-D1D531062976}
		{A59FCCE6-FC51-4C53-80DE-4AAB6DEAC04B} = {64AE6756-615C-4BF0-A3CE-D1D531062976}
		{F50CC956-9B58-494C-B8C9-AF68E192C853} = {64AE6756-615C-4BF0-A3CE-D1D531062976}
		{40E97703-04D7-4FF7-A559-65E2CBB4FE8D} = {7433B34B-C420-4775-85AB-694449DCA808}
		{C870A392-FBCB-4A4D-9C73-02A4491DEFDD} = {40E97703-04D7-4FF7-A559-65E2CBB4FE8D}
		{B8AD6DD2-7025-44D8-AE24-FC0DEED459BA} = {64AE6756-615C-4BF0-A3CE-D1D531062976}
		{52AF29FB-7DE9-47EB-ACFF-F3587CAB001A} = {B8AD6DD2-7025-44D8-AE24-FC0DEED459BA}
		{BEEDD79C-E235-4EE2-8048-2122F8E6BCD0} = {B8AD6DD2-7025-44D8-AE24-FC0DEED459BA}
		{93C00ADF-86D2-4738-9B30-896D2528FAB9} = {64AE6756-615C-4BF0-A3CE-D1D531062976}
		{C7D6B540-6503-440D-AFB0-46A83EDE3DA6} = {64AE6756-615C-4BF0-A3CE-D1D531062976}
		{1D59D75D-C46A-462A-B6C8-05C3E542C7A0} = {64AE6756-615C-4BF0-A3CE-D1D531062976}
	EndGlobalSection
	GlobalSection(ExtensibilityGlobals) = postSolution
		SolutionGuid = {E845A9DE-A338-4D12-93F8-11D16E4AB5CE}
	EndGlobalSection
EndGlobal
